
Microsoft Visual Studio Solution File, Format Version 12.00
# Visual Studio 14
VisualStudioVersion = 14.0.24720.0
MinimumVisualStudioVersion = 10.0.40219.1
Project("{E24C65DC-7377-472B-9ABA-BC803B73C61A}") = "bubble-pop-react", ".", "{16F8B3B6-E844-411B-9406-885F5C2C405D}"
	ProjectSection(WebsiteProperties) = preProject
		TargetFrameworkMoniker = ".NETFramework,Version%3Dv4.0"
		Debug.AspNetCompiler.VirtualPath = "/localhost_58484"
		Debug.AspNetCompiler.PhysicalPath = "..\bubble-pop-react\"
		Debug.AspNetCompiler.TargetPath = "PrecompiledWeb\localhost_58484\"
		Debug.AspNetCompiler.Updateable = "true"
		Debug.AspNetCompiler.ForceOverwrite = "true"
		Debug.AspNetCompiler.FixedNames = "false"
		Debug.AspNetCompiler.Debug = "True"
		Release.AspNetCompiler.VirtualPath = "/localhost_58484"
		Release.AspNetCompiler.PhysicalPath = "..\bubble-pop-react\"
		Release.AspNetCompiler.TargetPath = "PrecompiledWeb\localhost_58484\"
		Release.AspNetCompiler.Updateable = "true"
		Release.AspNetCompiler.ForceOverwrite = "true"
		Release.AspNetCompiler.FixedNames = "false"
		Release.AspNetCompiler.Debug = "False"
		VWDPort = "58484"
		SlnRelativePath = "..\bubble-pop-react\"
	EndProjectSection
EndProject
Global
	GlobalSection(SolutionConfigurationPlatforms) = preSolution
		Debug|Any CPU = Debug|Any CPU
	EndGlobalSection
	GlobalSection(ProjectConfigurationPlatforms) = postSolution
		{16F8B3B6-E844-411B-9406-885F5C2C405D}.Debug|Any CPU.ActiveCfg = Debug|Any CPU
		{16F8B3B6-E844-411B-9406-885F5C2C405D}.Debug|Any CPU.Build.0 = Debug|Any CPU
	EndGlobalSection
	GlobalSection(SolutionProperties) = preSolution
		HideSolutionNode = FALSE
	EndGlobalSection
EndGlobal
